# THIS IS AN AUTOGENERATED FILE. DO NOT EDIT THIS FILE DIRECTLY.
# yarn lockfile v1


"@prisma/client@^2.29.1":
  version "2.29.1"
  resolved "https://registry.yarnpkg.com/@prisma/client/-/client-2.29.1.tgz#a7b91c9644800de4e00b2f7c3789ff4bae42b3d6"
  integrity sha512-GhieSvHGPIV5IwRYIkJ4FrGSNfX18lPhFtlyVWxhvX0ocdy8oTnjNZVTFgGxB6qVmJIUpH1HsckAzIoAX689IA==
  dependencies:
    "@prisma/engines-version" "2.29.0-34.1be4cd60b89afa04b192acb1ef47758a39810f3a"

"@prisma/engines-version@2.29.0-34.1be4cd60b89afa04b192acb1ef47758a39810f3a":
  version "2.29.0-34.1be4cd60b89afa04b192acb1ef47758a39810f3a"
  resolved "https://registry.yarnpkg.com/@prisma/engines-version/-/engines-version-2.29.0-34.1be4cd60b89afa04b192acb1ef47758a39810f3a.tgz#96db92f09714d4dd2a5e21054c28bd1c0820fa77"
  integrity sha512-BU1DNNDhdzqjHtycpUzDrU8+jf6ZY+fbXvCV/rbqG+0JifljlIo4vbkHDMg97gBi1Do8pTLZGlTH16FlniKgAg==

"@prisma/engines@2.29.0-34.1be4cd60b89afa04b192acb1ef47758a39810f3a":
  version "2.29.0-34.1be4cd60b89afa04b192acb1ef47758a39810f3a"
  resolved "https://registry.yarnpkg.com/@prisma/engines/-/engines-2.29.0-34.1be4cd60b89afa04b192acb1ef47758a39810f3a.tgz#0a44a6dcbee7e0a2850ea086675a8a4f4d627f9d"
  integrity sha512-cgEoGK3dmKZkMp/sRbL8TsuVS50rHXYBHk2NY18DPUGr5//4ICno46EjzlayqAFVak8J6RtWZEs+8tE8j8frAQ==

prisma@^2.29.1:
  version "2.29.1"
  resolved "https://registry.yarnpkg.com/prisma/-/prisma-2.29.1.tgz#7845f55c7f09955b01f973c6a4b1f330cb212e7d"
  integrity sha512-fRGh90+z0m3Jw3D6KBE6wyVCRR0w6M6QD93jh+em8IOQycmC48zB8hho8zeri3J9//C0k8fkDeQrRLJUosXROw==
  dependencies:
    "@prisma/engines" "2.29.0-34.1be4cd60b89afa04b192acb1ef47758a39810f3a"
